
Microsoft Visual Studio Solution File, Format Version 12.00
# Visual Studio Version 17
VisualStudioVersion = 17.3.32825.248
MinimumVisualStudioVersion = 10.0.40219.1
Project("{FAE04EC0-301F-11D3-BF4B-00C04F79EFBC}") = "Novea", "Novea\Novea.csproj", "{3F794E46-5348-4F3F-B83D-F9FF6CECA165}"
EndProject
Global
	GlobalSection(SolutionConfigurationPlatforms) = preSolution
		Debug|Any CPU = Debug|Any CPU
		Release|Any CPU = Release|Any CPU
	EndGlobalSection
	GlobalSection(ProjectConfigurationPlatforms) = postSolution
		{3F794E46-5348-4F3F-B83D-F9FF6CECA165}.Debug|Any CPU.ActiveCfg = Debug|Any CPU
		{3F794E46-5348-4F3F-B83D-F9FF6CECA165}.Debug|Any CPU.Build.0 = Debug|Any CPU
		{3F794E46-5348-4F3F-B83D-F9FF6CECA165}.Release|Any CPU.ActiveCfg = Release|Any CPU
		{3F794E46-5348-4F3F-B83D-F9FF6CECA165}.Release|Any CPU.Build.0 = Release|Any CPU
	EndGlobalSection
	GlobalSection(SolutionProperties) = preSolution
		HideSolutionNode = FALSE
	EndGlobalSection
	GlobalSection(ExtensibilityGlobals) = postSolution
		SolutionGuid = {AFBA4341-D0E0-46A5-AD42-16E8DFC654F2}
	EndGlobalSection
EndGlobal
